{
    "name": "curlui-library",
    "version": "0.0.4",
    "lockfileVersion": 3,
    "requires": true,
    "packages": {
        "": {
            "name": "curlui-library",
            "version": "0.0.4",
            "license": "MIT",
            "dependencies": {
                "curlui": "^0.0.4"
            },
            "devDependencies": {
                "typescript": "^5.9.2"
            }
        },
        "node_modules/curlui": {
            "version": "0.0.4",
            "resolved": "https://registry.npmjs.org/curlui/-/curlui-0.0.4.tgz",
            "integrity": "sha512-9skhnNR5xLvPmTmRscy5ARKX59HJV8cJFoysT7ym9/LRqfmwEctX/2zUhuceE6BYcY6AOeBQcWEi+V1McdGUfw==",
            "license": "MIT"
        },
        "node_modules/typescript": {
            "version": "5.9.2",
            "resolved": "https://registry.npmjs.org/typescript/-/typescript-5.9.2.tgz",
            "integrity": "sha512-CWBzXQrc/qOkhidw1OzBTQuYRbfyxDXJMVJ1XNwUHGROVmuaeiEm3OslpZ1RV96d7SKKjZKrSJu3+t/xlw3R9A==",
            "dev": true,
            "license": "Apache-2.0",
            "bin": {
                "tsc": "bin/tsc",
                "tsserver": "bin/tsserver"
            },
            "engines": {
                "node": ">=14.17"
            }
        }
    }
}
